
Microsoft Visual Studio Solution File, Format Version 11.00
# Visual Studio 2010
Project("{FAE04EC0-301F-11D3-BF4B-00C04F79EFBC}") = "Fighting.Server", "Fighting.Server.csproj", "{F25CC7C8-C83C-4852-ACEA-5370C29600DD}"
EndProject
Global
	GlobalSection(SolutionConfigurationPlatforms) = preSolution
		Debug|Any CPU = Debug|Any CPU
		Release|Any CPU = Release|Any CPU
	EndGlobalSection
	GlobalSection(ProjectConfigurationPlatforms) = postSolution
		{F25CC7C8-C83C-4852-ACEA-5370C29600DD}.Debug|Any CPU.ActiveCfg = Debug|Any CPU
		{F25CC7C8-C83C-4852-ACEA-5370C29600DD}.Debug|Any CPU.Build.0 = Debug|Any CPU
		{F25CC7C8-C83C-4852-ACEA-5370C29600DD}.Release|Any CPU.ActiveCfg = Release|Any CPU
		{F25CC7C8-C83C-4852-ACEA-5370C29600DD}.Release|Any CPU.Build.0 = Release|Any CPU
	EndGlobalSection
	GlobalSection(SolutionProperties) = preSolution
		HideSolutionNode = FALSE
	EndGlobalSection
EndGlobal
