
Microsoft Visual Studio Solution File, Format Version 11.00
# Visual Studio 2010
Project("{FAE04EC0-301F-11D3-BF4B-00C04F79EFBC}") = "Fighting.Service", "Fighting.Service.csproj", "{F5C4A981-15C2-40A6-A128-1149AB844C54}"
EndProject
Global
	GlobalSection(SolutionConfigurationPlatforms) = preSolution
		Debug|Any CPU = Debug|Any CPU
		Release|Any CPU = Release|Any CPU
	EndGlobalSection
	GlobalSection(ProjectConfigurationPlatforms) = postSolution
		{F5C4A981-15C2-40A6-A128-1149AB844C54}.Debug|Any CPU.ActiveCfg = Debug|Any CPU
		{F5C4A981-15C2-40A6-A128-1149AB844C54}.Debug|Any CPU.Build.0 = Debug|Any CPU
		{F5C4A981-15C2-40A6-A128-1149AB844C54}.Release|Any CPU.ActiveCfg = Release|Any CPU
		{F5C4A981-15C2-40A6-A128-1149AB844C54}.Release|Any CPU.Build.0 = Release|Any CPU
	EndGlobalSection
	GlobalSection(SolutionProperties) = preSolution
		HideSolutionNode = FALSE
	EndGlobalSection
EndGlobal
